
Microsoft Visual Studio Solution File, Format Version 12.00
# Visual Studio Version 17
VisualStudioVersion = 17.1.32328.378
MinimumVisualStudioVersion = 10.0.40219.1
Project("{8BC9CEB8-8B4A-11D0-8D11-00A0C91BC942}") = "SimulatorArduino", "SimulatorArduino\SimulatorArduino.vcxproj", "{81C2938C-F562-4B35-8631-BC34DE4EAE5E}"
EndProject
Project("{8BC9CEB8-8B4A-11D0-8D11-00A0C91BC942}") = "Librarii", "Librarii\Librarii.vcxproj", "{FD1449DB-E3BC-4DA2-8A7C-9929D9DC15CF}"
EndProject
Project("{8BC9CEB8-8B4A-11D0-8D11-00A0C91BC942}") = "ArduinoApp", "ArduinoApp\ArduinoApp.vcxproj", "{E080FF50-9CB3-4832-A76C-FF672F2688F3}"
EndProject
Global
	GlobalSection(SolutionConfigurationPlatforms) = preSolution
		Debug|x64 = Debug|x64
		Debug|x86 = Debug|x86
		Release|x64 = Release|x64
		Release|x86 = Release|x86
	EndGlobalSection
	GlobalSection(ProjectConfigurationPlatforms) = postSolution
		{81C2938C-F562-4B35-8631-BC34DE4EAE5E}.Debug|x64.ActiveCfg = Debug|x64
		{81C2938C-F562-4B35-8631-BC34DE4EAE5E}.Debug|x64.Build.0 = Debug|x64
		{81C2938C-F562-4B35-8631-BC34DE4EAE5E}.Debug|x86.ActiveCfg = Debug|Win32
		{81C2938C-F562-4B35-8631-BC34DE4EAE5E}.Debug|x86.Build.0 = Debug|Win32
		{81C2938C-F562-4B35-8631-BC34DE4EAE5E}.Release|x64.ActiveCfg = Release|x64
		{81C2938C-F562-4B35-8631-BC34DE4EAE5E}.Release|x64.Build.0 = Release|x64
		{81C2938C-F562-4B35-8631-BC34DE4EAE5E}.Release|x86.ActiveCfg = Release|Win32
		{81C2938C-F562-4B35-8631-BC34DE4EAE5E}.Release|x86.Build.0 = Release|Win32
		{FD1449DB-E3BC-4DA2-8A7C-9929D9DC15CF}.Debug|x64.ActiveCfg = Debug|x64
		{FD1449DB-E3BC-4DA2-8A7C-9929D9DC15CF}.Debug|x64.Build.0 = Debug|x64
		{FD1449DB-E3BC-4DA2-8A7C-9929D9DC15CF}.Debug|x86.ActiveCfg = Debug|Win32
		{FD1449DB-E3BC-4DA2-8A7C-9929D9DC15CF}.Debug|x86.Build.0 = Debug|Win32
		{FD1449DB-E3BC-4DA2-8A7C-9929D9DC15CF}.Release|x64.ActiveCfg = Release|x64
		{FD1449DB-E3BC-4DA2-8A7C-9929D9DC15CF}.Release|x64.Build.0 = Release|x64
		{FD1449DB-E3BC-4DA2-8A7C-9929D9DC15CF}.Release|x86.ActiveCfg = Release|Win32
		{FD1449DB-E3BC-4DA2-8A7C-9929D9DC15CF}.Release|x86.Build.0 = Release|Win32
		{E080FF50-9CB3-4832-A76C-FF672F2688F3}.Debug|x64.ActiveCfg = Debug|x64
		{E080FF50-9CB3-4832-A76C-FF672F2688F3}.Debug|x64.Build.0 = Debug|x64
		{E080FF50-9CB3-4832-A76C-FF672F2688F3}.Debug|x86.ActiveCfg = Debug|Win32
		{E080FF50-9CB3-4832-A76C-FF672F2688F3}.Debug|x86.Build.0 = Debug|Win32
		{E080FF50-9CB3-4832-A76C-FF672F2688F3}.Release|x64.ActiveCfg = Release|x64
		{E080FF50-9CB3-4832-A76C-FF672F2688F3}.Release|x64.Build.0 = Release|x64
		{E080FF50-9CB3-4832-A76C-FF672F2688F3}.Release|x86.ActiveCfg = Release|Win32
		{E080FF50-9CB3-4832-A76C-FF672F2688F3}.Release|x86.Build.0 = Release|Win32
	EndGlobalSection
	GlobalSection(SolutionProperties) = preSolution
		HideSolutionNode = FALSE
	EndGlobalSection
	GlobalSection(ExtensibilityGlobals) = postSolution
		SolutionGuid = {DC0F7CCE-AAD8-4731-9318-1EA47A5427AE}
	EndGlobalSection
EndGlobal
